// !$*UTF8*$!
{
	archiveVersion = 1;
	classes = {
	};
	objectVersion = 48;
	objects = {

/* Begin PBXBuildFile section */
		7A9B9DE45966A0D737635D42 /* Pods_CarRental.framework in Frameworks */ = {isa = PBXBuildFile; fileRef = 26522A659F634175528B4CFC /* Pods_CarRental.framework */; settings = {ATTRIBUTES = (Required, ); }; };
		8404ECB32086C59B00C21A6A /* ProfilViewController.swift in Sources */ = {isa = PBXBuildFile; fileRef = 8404ECB22086C59B00C21A6A /* ProfilViewController.swift */; };
		84A68A1B2086B0F30056BDD9 /* Agence.swift in Sources */ = {isa = PBXBuildFile; fileRef = 84A68A1A2086B0F30056BDD9 /* Agence.swift */; };
		84A68A1F2086B6280056BDD9 /* TabViewController.swift in Sources */ = {isa = PBXBuildFile; fileRef = 84A68A1E2086B6280056BDD9 /* TabViewController.swift */; };
		84B25D7520852CDB00CDE8C5 /* AppDelegate.swift in Sources */ = {isa = PBXBuildFile; fileRef = 84B25D7420852CDB00CDE8C5 /* AppDelegate.swift */; };
		84B25D7720852CDC00CDE8C5 /* ViewController.swift in Sources */ = {isa = PBXBuildFile; fileRef = 84B25D7620852CDC00CDE8C5 /* ViewController.swift */; };
		84B25D7A20852CDC00CDE8C5 /* Main.storyboard in Resources */ = {isa = PBXBuildFile; fileRef = 84B25D7820852CDC00CDE8C5 /* Main.storyboard */; };
		84B25D7D20852CDC00CDE8C5 /* CarRental.xcdatamodeld in Sources */ = {isa = PBXBuildFile; fileRef = 84B25D7B20852CDC00CDE8C5 /* CarRental.xcdatamodeld */; };
		84B25D7F20852CDC00CDE8C5 /* Assets.xcassets in Resources */ = {isa = PBXBuildFile; fileRef = 84B25D7E20852CDC00CDE8C5 /* Assets.xcassets */; };
		84B25D8220852CDC00CDE8C5 /* LaunchScreen.storyboard in Resources */ = {isa = PBXBuildFile; fileRef = 84B25D8020852CDC00CDE8C5 /* LaunchScreen.storyboard */; };
		84B25D8A2085416800CDE8C5 /* RegisterViewController.swift in Sources */ = {isa = PBXBuildFile; fileRef = 84B25D892085416800CDE8C5 /* RegisterViewController.swift */; };
/* End PBXBuildFile section */

/* Begin PBXFileReference section */
		26522A659F634175528B4CFC /* Pods_CarRental.framework */ = {isa = PBXFileReference; explicitFileType = wrapper.framework; includeInIndex = 0; path = Pods_CarRental.framework; sourceTree = BUILT_PRODUCTS_DIR; };
		5C9F80B4CC814B68FB1F730D /* Pods-CarRental.release.xcconfig */ = {isa = PBXFileReference; includeInIndex = 1; lastKnownFileType = text.xcconfig; name = "Pods-CarRental.release.xcconfig"; path = "Pods/Target Support Files/Pods-CarRental/Pods-CarRental.release.xcconfig"; sourceTree = "<group>"; };
		8404ECB22086C59B00C21A6A /* ProfilViewController.swift */ = {isa = PBXFileReference; lastKnownFileType = sourcecode.swift; path = ProfilViewController.swift; sourceTree = "<group>"; };
		84A68A1A2086B0F30056BDD9 /* Agence.swift */ = {isa = PBXFileReference; lastKnownFileType = sourcecode.swift; path = Agence.swift; sourceTree = "<group>"; };
		84A68A1E2086B6280056BDD9 /* TabViewController.swift */ = {isa = PBXFileReference; lastKnownFileType = sourcecode.swift; path = TabViewController.swift; sourceTree = "<group>"; };
		84B25D7120852CDB00CDE8C5 /* CarRental.app */ = {isa = PBXFileReference; explicitFileType = wrapper.application; includeInIndex = 0; path = CarRental.app; sourceTree = BUILT_PRODUCTS_DIR; };
		84B25D7420852CDB00CDE8C5 /* AppDelegate.swift */ = {isa = PBXFileReference; lastKnownFileType = sourcecode.swift; path = AppDelegate.swift; sourceTree = "<group>"; };
		84B25D7620852CDC00CDE8C5 /* ViewController.swift */ = {isa = PBXFileReference; lastKnownFileType = sourcecode.swift; path = ViewController.swift; sourceTree = "<group>"; };
		84B25D7920852CDC00CDE8C5 /* Base */ = {isa = PBXFileReference; lastKnownFileType = file.storyboard; name = Base; path = Base.lproj/Main.storyboard; sourceTree = "<group>"; };
		84B25D7C20852CDC00CDE8C5 /* CarRental.xcdatamodel */ = {isa = PBXFileReference; lastKnownFileType = wrapper.xcdatamodel; path = CarRental.xcdatamodel; sourceTree = "<group>"; };
		84B25D7E20852CDC00CDE8C5 /* Assets.xcassets */ = {isa = PBXFileReference; lastKnownFileType = folder.assetcatalog; path = Assets.xcassets; sourceTree = "<group>"; };
		84B25D8120852CDC00CDE8C5 /* Base */ = {isa = PBXFileReference; lastKnownFileType = file.storyboard; name = Base; path = Base.lproj/LaunchScreen.storyboard; sourceTree = "<group>"; };
		84B25D8320852CDC00CDE8C5 /* Info.plist */ = {isa = PBXFileReference; lastKnownFileType = text.plist.xml; path = Info.plist; sourceTree = "<group>"; };
		84B25D892085416800CDE8C5 /* RegisterViewController.swift */ = {isa = PBXFileReference; lastKnownFileType = sourcecode.swift; path = RegisterViewController.swift; sourceTree = "<group>"; };
		E1B8B4041BB819671E9309FB /* Pods-CarRental.debug.xcconfig */ = {isa = PBXFileReference; includeInIndex = 1; lastKnownFileType = text.xcconfig; name = "Pods-CarRental.debug.xcconfig"; path = "Pods/Target Support Files/Pods-CarRental/Pods-CarRental.debug.xcconfig"; sourceTree = "<group>"; };
/* End PBXFileReference section */

/* Begin PBXFrameworksBuildPhase section */
		84B25D6E20852CDB00CDE8C5 /* Frameworks */ = {
			isa = PBXFrameworksBuildPhase;
			buildActionMask = 2147483647;
			files = (
				7A9B9DE45966A0D737635D42 /* Pods_CarRental.framework in Frameworks */,
			);
			runOnlyForDeploymentPostprocessing = 0;
		};
/* End PBXFrameworksBuildPhase section */

/* Begin PBXGroup section */
		21F60AC2F066B4D032BC661C /* Pods */ = {
			isa = PBXGroup;
			children = (
				E1B8B4041BB819671E9309FB /* Pods-CarRental.debug.xcconfig */,
				5C9F80B4CC814B68FB1F730D /* Pods-CarRental.release.xcconfig */,
			);
			name = Pods;
			sourceTree = "<group>";
		};
		84B25D6820852CDB00CDE8C5 = {
			isa = PBXGroup;
			children = (
				84B25D7320852CDB00CDE8C5 /* CarRental */,
				84B25D7220852CDB00CDE8C5 /* Products */,
				21F60AC2F066B4D032BC661C /* Pods */,
				B1AE93C295FB374928206167 /* Frameworks */,
			);
			sourceTree = "<group>";
		};
		84B25D7220852CDB00CDE8C5 /* Products */ = {
			isa = PBXGroup;
			children = (
				84B25D7120852CDB00CDE8C5 /* CarRental.app */,
			);
			name = Products;
			sourceTree = "<group>";
		};
		84B25D7320852CDB00CDE8C5 /* CarRental */ = {
			isa = PBXGroup;
			children = (
				84B25D7420852CDB00CDE8C5 /* AppDelegate.swift */,
				84B25D7620852CDC00CDE8C5 /* ViewController.swift */,
				84B25D7820852CDC00CDE8C5 /* Main.storyboard */,
				84B25D7E20852CDC00CDE8C5 /* Assets.xcassets */,
				84B25D8020852CDC00CDE8C5 /* LaunchScreen.storyboard */,
				84B25D8320852CDC00CDE8C5 /* Info.plist */,
				84B25D7B20852CDC00CDE8C5 /* CarRental.xcdatamodeld */,
				84B25D892085416800CDE8C5 /* RegisterViewController.swift */,
				84A68A1A2086B0F30056BDD9 /* Agence.swift */,
				84A68A1E2086B6280056BDD9 /* TabViewController.swift */,
				8404ECB22086C59B00C21A6A /* ProfilViewController.swift */,
			);
			path = CarRental;
			sourceTree = "<group>";
		};
		B1AE93C295FB374928206167 /* Frameworks */ = {
			isa = PBXGroup;
			children = (
				26522A659F634175528B4CFC /* Pods_CarRental.framework */,
			);
			name = Frameworks;
			sourceTree = "<group>";
		};
/* End PBXGroup section */

/* Begin PBXNativeTarget section */
		84B25D7020852CDB00CDE8C5 /* CarRental */ = {
			isa = PBXNativeTarget;
			buildConfigurationList = 84B25D8620852CDC00CDE8C5 /* Build configuration list for PBXNativeTarget "CarRental" */;
			buildPhases = (
				EEAFAC8CCA3BBB147503919E /* [CP] Check Pods Manifest.lock */,
				84B25D6D20852CDB00CDE8C5 /* Sources */,
				84B25D6E20852CDB00CDE8C5 /* Frameworks */,
				84B25D6F20852CDB00CDE8C5 /* Resources */,
				0AAC3CDC882F03B95BD1FE07 /* [CP] Embed Pods Frameworks */,
				C20220974CB339EE6C836FC4 /* [CP] Copy Pods Resources */,
			);
			buildRules = (
			);
			dependencies = (
			);
			name = CarRental;
			productName = CarRental;
			productReference = 84B25D7120852CDB00CDE8C5 /* CarRental.app */;
			productType = "com.apple.product-type.application";
		};
/* End PBXNativeTarget section */

/* Begin PBXProject section */
		84B25D6920852CDB00CDE8C5 /* Project object */ = {
			isa = PBXProject;
			attributes = {
				LastSwiftUpdateCheck = 0920;
				LastUpgradeCheck = 0920;
				ORGANIZATIONNAME = Admin;
				TargetAttributes = {
					84B25D7020852CDB00CDE8C5 = {
						CreatedOnToolsVersion = 9.2;
						ProvisioningStyle = Automatic;
					};
				};
			};
			buildConfigurationList = 84B25D6C20852CDB00CDE8C5 /* Build configuration list for PBXProject "CarRental" */;
			compatibilityVersion = "Xcode 8.0";
			developmentRegion = en;
			hasScannedForEncodings = 0;
			knownRegions = (
				en,
				Base,
			);
			mainGroup = 84B25D6820852CDB00CDE8C5;
			productRefGroup = 84B25D7220852CDB00CDE8C5 /* Products */;
			projectDirPath = "";
			projectRoot = "";
			targets = (
				84B25D7020852CDB00CDE8C5 /* CarRental */,
			);
		};
/* End PBXProject section */

/* Begin PBXResourcesBuildPhase section */
		84B25D6F20852CDB00CDE8C5 /* Resources */ = {
			isa = PBXResourcesBuildPhase;
			buildActionMask = 2147483647;
			files = (
				84B25D8220852CDC00CDE8C5 /* LaunchScreen.storyboard in Resources */,
				84B25D7F20852CDC00CDE8C5 /* Assets.xcassets in Resources */,
				84B25D7A20852CDC00CDE8C5 /* Main.storyboard in Resources */,
			);
			runOnlyForDeploymentPostprocessing = 0;
		};
/* End PBXResourcesBuildPhase section */

/* Begin PBXShellScriptBuildPhase section */
		0AAC3CDC882F03B95BD1FE07 /* [CP] Embed Pods Frameworks */ = {
			isa = PBXShellScriptBuildPhase;
			buildActionMask = 2147483647;
			files = (
			);
			inputPaths = (
				"${SRCROOT}/Pods/Target Support Files/Pods-CarRental/Pods-CarRental-frameworks.sh",
				"${BUILT_PRODUCTS_DIR}/Alamofire/Alamofire.framework",
				"${BUILT_PRODUCTS_DIR}/GooglePlacesSearchController/GooglePlacesSearchController.framework",
				"${BUILT_PRODUCTS_DIR}/Kingfisher/Kingfisher.framework",
				"${BUILT_PRODUCTS_DIR}/SwiftyJSON/SwiftyJSON.framework",
			);
			name = "[CP] Embed Pods Frameworks";
			outputPaths = (
				"${TARGET_BUILD_DIR}/${FRAMEWORKS_FOLDER_PATH}/Alamofire.framework",
				"${TARGET_BUILD_DIR}/${FRAMEWORKS_FOLDER_PATH}/GooglePlacesSearchController.framework",
				"${TARGET_BUILD_DIR}/${FRAMEWORKS_FOLDER_PATH}/Kingfisher.framework",
				"${TARGET_BUILD_DIR}/${FRAMEWORKS_FOLDER_PATH}/SwiftyJSON.framework",
			);
			runOnlyForDeploymentPostprocessing = 0;
			shellPath = /bin/sh;
			shellScript = "\"${SRCROOT}/Pods/Target Support Files/Pods-CarRental/Pods-CarRental-frameworks.sh\"\n";
			showEnvVarsInLog = 0;
		};
		C20220974CB339EE6C836FC4 /* [CP] Copy Pods Resources */ = {
			isa = PBXShellScriptBuildPhase;
			buildActionMask = 2147483647;
			files = (
			);
			inputPaths = (
				"${SRCROOT}/Pods/Target Support Files/Pods-CarRental/Pods-CarRental-resources.sh",
				"${PODS_ROOT}/GoogleMaps/Maps/Frameworks/GoogleMaps.framework/Resources/GoogleMaps.bundle",
				"${PODS_ROOT}/GooglePlacePicker/Frameworks/GooglePlacePicker.framework/Resources/GooglePlacePicker.bundle",
				"${PODS_ROOT}/GooglePlaces/Frameworks/GooglePlaces.framework/Resources/GooglePlaces.bundle",
			);
			name = "[CP] Copy Pods Resources";
			outputPaths = (
				"${TARGET_BUILD_DIR}/${UNLOCALIZED_RESOURCES_FOLDER_PATH}/GoogleMaps.bundle",
				"${TARGET_BUILD_DIR}/${UNLOCALIZED_RESOURCES_FOLDER_PATH}/GooglePlacePicker.bundle",
				"${TARGET_BUILD_DIR}/${UNLOCALIZED_RESOURCES_FOLDER_PATH}/GooglePlaces.bundle",
			);
			runOnlyForDeploymentPostprocessing = 0;
			shellPath = /bin/sh;
			shellScript = "\"${SRCROOT}/Pods/Target Support Files/Pods-CarRental/Pods-CarRental-resources.sh\"\n";
			showEnvVarsInLog = 0;
		};
		EEAFAC8CCA3BBB147503919E /* [CP] Check Pods Manifest.lock */ = {
			isa = PBXShellScriptBuildPhase;
			buildActionMask = 2147483647;
			files = (
			);
			inputPaths = (
				"${PODS_PODFILE_DIR_PATH}/Podfile.lock",
				"${PODS_ROOT}/Manifest.lock",
			);
			name = "[CP] Check Pods Manifest.lock";
			outputPaths = (
				"$(DERIVED_FILE_DIR)/Pods-CarRental-checkManifestLockResult.txt",
			);
			runOnlyForDeploymentPostprocessing = 0;
			shellPath = /bin/sh;
			shellScript = "diff \"${PODS_PODFILE_DIR_PATH}/Podfile.lock\" \"${PODS_ROOT}/Manifest.lock\" > /dev/null\nif [ $? != 0 ] ; then\n    # print error to STDERR\n    echo \"error: The sandbox is not in sync with the Podfile.lock. Run 'pod install' or update your CocoaPods installation.\" >&2\n    exit 1\nfi\n# This output is used by Xcode 'outputs' to avoid re-running this script phase.\necho \"SUCCESS\" > \"${SCRIPT_OUTPUT_FILE_0}\"\n";
			showEnvVarsInLog = 0;
		};
/* End PBXShellScriptBuildPhase section */

/* Begin PBXSourcesBuildPhase section */
		84B25D6D20852CDB00CDE8C5 /* Sources */ = {
			isa = PBXSourcesBuildPhase;
			buildActionMask = 2147483647;
			files = (
				84A68A1F2086B6280056BDD9 /* TabViewController.swift in Sources */,
				84B25D7D20852CDC00CDE8C5 /* CarRental.xcdatamodeld in Sources */,
				8404ECB32086C59B00C21A6A /* ProfilViewController.swift in Sources */,
				84B25D7720852CDC00CDE8C5 /* ViewController.swift in Sources */,
				84B25D7520852CDB00CDE8C5 /* AppDelegate.swift in Sources */,
				84A68A1B2086B0F30056BDD9 /* Agence.swift in Sources */,
				84B25D8A2085416800CDE8C5 /* RegisterViewController.swift in Sources */,
			);
			runOnlyForDeploymentPostprocessing = 0;
		};
/* End PBXSourcesBuildPhase section */

/* Begin PBXVariantGroup section */
		84B25D7820852CDC00CDE8C5 /* Main.storyboard */ = {
			isa = PBXVariantGroup;
			children = (
				84B25D7920852CDC00CDE8C5 /* Base */,
			);
			name = Main.storyboard;
			sourceTree = "<group>";
		};
		84B25D8020852CDC00CDE8C5 /* LaunchScreen.storyboard */ = {
			isa = PBXVariantGroup;
			children = (
				84B25D8120852CDC00CDE8C5 /* Base */,
			);
			name = LaunchScreen.storyboard;
			sourceTree = "<group>";
		};
/* End PBXVariantGroup section */

/* Begin XCBuildConfiguration section */
		84B25D8420852CDC00CDE8C5 /* Debug */ = {
			isa = XCBuildConfiguration;
			buildSettings = {
				ALWAYS_SEARCH_USER_PATHS = NO;
				CLANG_ANALYZER_NONNULL = YES;
				CLANG_ANALYZER_NUMBER_OBJECT_CONVERSION = YES_AGGRESSIVE;
				CLANG_CXX_LANGUAGE_STANDARD = "gnu++14";
				CLANG_CXX_LIBRARY = "libc++";
				CLANG_ENABLE_MODULES = YES;
				CLANG_ENABLE_OBJC_ARC = YES;
				CLANG_WARN_BLOCK_CAPTURE_AUTORELEASING = YES;
				CLANG_WARN_BOOL_CONVERSION = YES;
				CLANG_WARN_COMMA = YES;
				CLANG_WARN_CONSTANT_CONVERSION = YES;
				CLANG_WARN_DIRECT_OBJC_ISA_USAGE = YES_ERROR;
				CLANG_WARN_DOCUMENTATION_COMMENTS = YES;
				CLANG_WARN_EMPTY_BODY = YES;
				CLANG_WARN_ENUM_CONVERSION = YES;
				CLANG_WARN_INFINITE_RECURSION = YES;
				CLANG_WARN_INT_CONVERSION = YES;
				CLANG_WARN_NON_LITERAL_NULL_CONVERSION = YES;
				CLANG_WARN_OBJC_LITERAL_CONVERSION = YES;
				CLANG_WARN_OBJC_ROOT_CLASS = YES_ERROR;
				CLANG_WARN_RANGE_LOOP_ANALYSIS = YES;
				CLANG_WARN_STRICT_PROTOTYPES = YES;
				CLANG_WARN_SUSPICIOUS_MOVE = YES;
				CLANG_WARN_UNGUARDED_AVAILABILITY = YES_AGGRESSIVE;
				CLANG_WARN_UNREACHABLE_CODE = YES;
				CLANG_WARN__DUPLICATE_METHOD_MATCH = YES;
				CODE_SIGN_IDENTITY = "iPhone Developer";
				COPY_PHASE_STRIP = NO;
				DEBUG_INFORMATION_FORMAT = dwarf;
				ENABLE_STRICT_OBJC_MSGSEND = YES;
				ENABLE_TESTABILITY = YES;
				GCC_C_LANGUAGE_STANDARD = gnu11;
				GCC_DYNAMIC_NO_PIC = NO;
				GCC_NO_COMMON_BLOCKS = YES;
				GCC_OPTIMIZATION_LEVEL = 0;
				GCC_PREPROCESSOR_DEFINITIONS = (
					"DEBUG=1",
					"$(inherited)",
				);
				GCC_WARN_64_TO_32_BIT_CONVERSION = YES;
				GCC_WARN_ABOUT_RETURN_TYPE = YES_ERROR;
				GCC_WARN_UNDECLARED_SELECTOR = YES;
				GCC_WARN_UNINITIALIZED_AUTOS = YES_AGGRESSIVE;
				GCC_WARN_UNUSED_FUNCTION = YES;
				GCC_WARN_UNUSED_VARIABLE = YES;
				IPHONEOS_DEPLOYMENT_TARGET = 11.2;
				MTL_ENABLE_DEBUG_INFO = YES;
				ONLY_ACTIVE_ARCH = YES;
				SDKROOT = iphoneos;
				SWIFT_ACTIVE_COMPILATION_CONDITIONS = DEBUG;
				SWIFT_OPTIMIZATION_LEVEL = "-Onone";
			};
			name = Debug;
		};
		84B25D8520852CDC00CDE8C5 /* Release */ = {
			isa = XCBuildConfiguration;
			buildSettings = {
				ALWAYS_SEARCH_USER_PATHS = NO;
				CLANG_ANALYZER_NONNULL = YES;
				CLANG_ANALYZER_NUMBER_OBJECT_CONVERSION = YES_AGGRESSIVE;
				CLANG_CXX_LANGUAGE_STANDARD = "gnu++14";
				CLANG_CXX_LIBRARY = "libc++";
				CLANG_ENABLE_MODULES = YES;
				CLANG_ENABLE_OBJC_ARC = YES;
				CLANG_WARN_BLOCK_CAPTURE_AUTORELEASING = YES;
				CLANG_WARN_BOOL_CONVERSION = YES;
				CLANG_WARN_COMMA = YES;
				CLANG_WARN_CONSTANT_CONVERSION = YES;
				CLANG_WARN_DIRECT_OBJC_ISA_USAGE = YES_ERROR;
				CLANG_WARN_DOCUMENTATION_COMMENTS = YES;
				CLANG_WARN_EMPTY_BODY = YES;
				CLANG_WARN_ENUM_CONVERSION = YES;
				CLANG_WARN_INFINITE_RECURSION = YES;
				CLANG_WARN_INT_CONVERSION = YES;
				CLANG_WARN_NON_LITERAL_NULL_CONVERSION = YES;
				CLANG_WARN_OBJC_LITERAL_CONVERSION = YES;
				CLANG_WARN_OBJC_ROOT_CLASS = YES_ERROR;
				CLANG_WARN_RANGE_LOOP_ANALYSIS = YES;
				CLANG_WARN_STRICT_PROTOTYPES = YES;
				CLANG_WARN_SUSPICIOUS_MOVE = YES;
				CLANG_WARN_UNGUARDED_AVAILABILITY = YES_AGGRESSIVE;
				CLANG_WARN_UNREACHABLE_CODE = YES;
				CLANG_WARN__DUPLICATE_METHOD_MATCH = YES;
				CODE_SIGN_IDENTITY = "iPhone Developer";
				COPY_PHASE_STRIP = NO;
				DEBUG_INFORMATION_FORMAT = "dwarf-with-dsym";
				ENABLE_NS_ASSERTIONS = NO;
				ENABLE_STRICT_OBJC_MSGSEND = YES;
				GCC_C_LANGUAGE_STANDARD = gnu11;
				GCC_NO_COMMON_BLOCKS = YES;
				GCC_WARN_64_TO_32_BIT_CONVERSION = YES;
				GCC_WARN_ABOUT_RETURN_TYPE = YES_ERROR;
				GCC_WARN_UNDECLARED_SELECTOR = YES;
				GCC_WARN_UNINITIALIZED_AUTOS = YES_AGGRESSIVE;
				GCC_WARN_UNUSED_FUNCTION = YES;
				GCC_WARN_UNUSED_VARIABLE = YES;
				IPHONEOS_DEPLOYMENT_TARGET = 11.2;
				MTL_ENABLE_DEBUG_INFO = NO;
				SDKROOT = iphoneos;
				SWIFT_OPTIMIZATION_LEVEL = "-Owholemodule";
				VALIDATE_PRODUCT = YES;
			};
			name = Release;
		};
		84B25D8720852CDC00CDE8C5 /* Debug */ = {
			isa = XCBuildConfiguration;
			baseConfigurationReference = E1B8B4041BB819671E9309FB /* Pods-CarRental.debug.xcconfig */;
			buildSettings = {
				ASSETCATALOG_COMPILER_APPICON_NAME = AppIcon;
				CODE_SIGN_STYLE = Automatic;
				INFOPLIST_FILE = CarRental/Info.plist;
				LD_RUNPATH_SEARCH_PATHS = "$(inherited) @executable_path/Frameworks";
				PRODUCT_BUNDLE_IDENTIFIER = com.esprit.CarRental;
				PRODUCT_NAME = "$(TARGET_NAME)";
				SWIFT_VERSION = 4.0;
				TARGETED_DEVICE_FAMILY = "1,2";
			};
			name = Debug;
		};
		84B25D8820852CDC00CDE8C5 /* Release */ = {
			isa = XCBuildConfiguration;
			baseConfigurationReference = 5C9F80B4CC814B68FB1F730D /* Pods-CarRental.release.xcconfig */;
			buildSettings = {
				ASSETCATALOG_COMPILER_APPICON_NAME = AppIcon;
				CODE_SIGN_STYLE = Automatic;
				INFOPLIST_FILE = CarRental/Info.plist;
				LD_RUNPATH_SEARCH_PATHS = "$(inherited) @executable_path/Frameworks";
				PRODUCT_BUNDLE_IDENTIFIER = com.esprit.CarRental;
				PRODUCT_NAME = "$(TARGET_NAME)";
				SWIFT_VERSION = 4.0;
				TARGETED_DEVICE_FAMILY = "1,2";
			};
			name = Release;
		};
/* End XCBuildConfiguration section */

/* Begin XCConfigurationList section */
		84B25D6C20852CDB00CDE8C5 /* Build configuration list for PBXProject "CarRental" */ = {
			isa = XCConfigurationList;
			buildConfigurations = (
				84B25D8420852CDC00CDE8C5 /* Debug */,
				84B25D8520852CDC00CDE8C5 /* Release */,
			);
			defaultConfigurationIsVisible = 0;
			defaultConfigurationName = Release;
		};
		84B25D8620852CDC00CDE8C5 /* Build configuration list for PBXNativeTarget "CarRental" */ = {
			isa = XCConfigurationList;
			buildConfigurations = (
				84B25D8720852CDC00CDE8C5 /* Debug */,
				84B25D8820852CDC00CDE8C5 /* Release */,
			);
			defaultConfigurationIsVisible = 0;
			defaultConfigurationName = Release;
		};
/* End XCConfigurationList section */

/* Begin XCVersionGroup section */
		84B25D7B20852CDC00CDE8C5 /* CarRental.xcdatamodeld */ = {
			isa = XCVersionGroup;
			children = (
				84B25D7C20852CDC00CDE8C5 /* CarRental.xcdatamodel */,
			);
			currentVersion = 84B25D7C20852CDC00CDE8C5 /* CarRental.xcdatamodel */;
			path = CarRental.xcdatamodeld;
			sourceTree = "<group>";
			versionGroupType = wrapper.xcdatamodel;
		};
/* End XCVersionGroup section */
	};
	rootObject = 84B25D6920852CDB00CDE8C5 /* Project object */;
}
